
Microsoft Visual Studio Solution File, Format Version 12.00
# Visual Studio Version 17
VisualStudioVersion = 17.11.35208.52
MinimumVisualStudioVersion = 10.0.40219.1
Project("{FAE04EC0-301F-11D3-BF4B-00C04F79EFBC}") = "HCI.Raturandang Daniel Jeremiah", "HCI.Raturandang Daniel Jeremiah\HCI.Raturandang Daniel Jeremiah.csproj", "{2776B12A-340E-4BFC-BE2F-57CD43D0D829}"
EndProject
Global
	GlobalSection(SolutionConfigurationPlatforms) = preSolution
		Debug|Any CPU = Debug|Any CPU
		Release|Any CPU = Release|Any CPU
	EndGlobalSection
	GlobalSection(ProjectConfigurationPlatforms) = postSolution
		{2776B12A-340E-4BFC-BE2F-57CD43D0D829}.Debug|Any CPU.ActiveCfg = Debug|Any CPU
		{2776B12A-340E-4BFC-BE2F-57CD43D0D829}.Debug|Any CPU.Build.0 = Debug|Any CPU
		{2776B12A-340E-4BFC-BE2F-57CD43D0D829}.Release|Any CPU.ActiveCfg = Release|Any CPU
		{2776B12A-340E-4BFC-BE2F-57CD43D0D829}.Release|Any CPU.Build.0 = Release|Any CPU
	EndGlobalSection
	GlobalSection(SolutionProperties) = preSolution
		HideSolutionNode = FALSE
	EndGlobalSection
	GlobalSection(ExtensibilityGlobals) = postSolution
		SolutionGuid = {404105AF-A777-4EEC-A79C-633751EFEB26}
	EndGlobalSection
EndGlobal
